{
  "name": "hexo-site",
  "version": "0.0.0",
  "lockfileVersion": 1,
  "requires": true,
  "dependencies": {
    "hexo-theme-keep": {
      "version": "3.4.3",
      "resolved": "https://registry.npmjs.org/hexo-theme-keep/-/hexo-theme-keep-3.4.3.tgz",
      "integrity": "sha512-XOaoCsApY1sWFnrEnYHTIyWEC4go1BJG5yt7odKkvPQt0MkL/PCM5A+XZSsLmcWdYTavkFt2Apvtgvd1pLzYlg=="
    }
  }
}
